
Microsoft Visual Studio Solution File, Format Version 12.00
# Visual Studio Version 17
VisualStudioVersion = 17.4.33205.214
MinimumVisualStudioVersion = 10.0.40219.1
Project("{FAE04EC0-301F-11D3-BF4B-00C04F79EFBC}") = "UserRegistrationProblem", "UserRegistrationProblem\UserRegistrationProblem.csproj", "{A0379486-6590-47B7-827A-CAF208C20423}"
EndProject
Global
	GlobalSection(SolutionConfigurationPlatforms) = preSolution
		Debug|Any CPU = Debug|Any CPU
		Release|Any CPU = Release|Any CPU
	EndGlobalSection
	GlobalSection(ProjectConfigurationPlatforms) = postSolution
		{A0379486-6590-47B7-827A-CAF208C20423}.Debug|Any CPU.ActiveCfg = Debug|Any CPU
		{A0379486-6590-47B7-827A-CAF208C20423}.Debug|Any CPU.Build.0 = Debug|Any CPU
		{A0379486-6590-47B7-827A-CAF208C20423}.Release|Any CPU.ActiveCfg = Release|Any CPU
		{A0379486-6590-47B7-827A-CAF208C20423}.Release|Any CPU.Build.0 = Release|Any CPU
	EndGlobalSection
	GlobalSection(SolutionProperties) = preSolution
		HideSolutionNode = FALSE
	EndGlobalSection
	GlobalSection(ExtensibilityGlobals) = postSolution
		SolutionGuid = {886B3A80-F632-4314-B49B-E369D2B9B010}
	EndGlobalSection
EndGlobal
